
Microsoft Visual Studio Solution File, Format Version 12.00
# Visual Studio Version 17
VisualStudioVersion = 17.14.36518.9 d17.14
MinimumVisualStudioVersion = 10.0.40219.1
Project("{2150E333-8FDC-42A3-9474-1A3956D46DE8}") = "Task0", "Task0", "{02EA681E-C7D8-13C7-8484-4AC65E1B71E8}"
EndProject
Project("{FAE04EC0-301F-11D3-BF4B-00C04F79EFBC}") = "Tyuiu.SokolovaHS.Sprint4.Task0.V14", "Tyuiu.SokolovaHS.Sprint4.Task0.V14\Tyuiu.SokolovaHS.Sprint4.Task0.V14.csproj", "{B180E90D-4699-4EA2-99CA-C5CDB602F6E7}"
EndProject
Project("{FAE04EC0-301F-11D3-BF4B-00C04F79EFBC}") = "Tyuiu.SokolovaHS.Sprint4.Task0.V14.Lib", "Tyuiu.SokolovaHS.Sprint4.Task0.V14.Lib\Tyuiu.SokolovaHS.Sprint4.Task0.V14.Lib.csproj", "{C2A074A4-5FDD-489D-8193-B0CE5D56DA02}"
EndProject
Project("{FAE04EC0-301F-11D3-BF4B-00C04F79EFBC}") = "Tyuiu.SokolovaHS.Sprint4.Task0.V14.Test", "Tyuiu.SokolovaHS.Sprint4.Task0.V14.Test\Tyuiu.SokolovaHS.Sprint4.Task0.V14.Test.csproj", "{7B4B709F-AEAE-4DF3-9656-C99E6AC7A886}"
EndProject
Project("{2150E333-8FDC-42A3-9474-1A3956D46DE8}") = "Task1", "Task1", "{CF4E6B40-2A7E-4E9F-A1A6-D040183751A5}"
EndProject
Project("{FAE04EC0-301F-11D3-BF4B-00C04F79EFBC}") = "Tyuiu.SokolovaHS.Sprint4.Task1.V7", "Tyuiu.SokolovaHS.Sprint4.Task1.V7\Tyuiu.SokolovaHS.Sprint4.Task1.V7.csproj", "{1515EA20-FB43-486F-AE14-489236A91C15}"
EndProject
Project("{FAE04EC0-301F-11D3-BF4B-00C04F79EFBC}") = "Tyuiu.SokolovaHS.Sprint4.Task1.V7.Lib", "Tyuiu.SokolovaHS.Sprint4.Task1.V7.Lib\Tyuiu.SokolovaHS.Sprint4.Task1.V7.Lib.csproj", "{634458B7-B6E2-4145-98B1-46783C8E7188}"
EndProject
Project("{FAE04EC0-301F-11D3-BF4B-00C04F79EFBC}") = "Tyuiu.SokolovaHS.Sprint4.Task1.V7.Test", "Tyuiu.SokolovaHS.Sprint4.Task1.V7.Test\Tyuiu.SokolovaHS.Sprint4.Task1.V7.Test.csproj", "{A0CFF4CC-77EE-4C3A-B0BD-BBEFCD72185B}"
EndProject
Project("{2150E333-8FDC-42A3-9474-1A3956D46DE8}") = "Task2", "Task2", "{43791CA7-65EF-4309-A44F-B07E7A21751C}"
EndProject
Project("{FAE04EC0-301F-11D3-BF4B-00C04F79EFBC}") = "Tyuiu.SokolovaHS.Sprint4.Task2.V25", "Tyuiu.SokolovaHS.Sprint4.Task2.V25\Tyuiu.SokolovaHS.Sprint4.Task2.V25.csproj", "{E6F67543-BA85-42F2-89FE-1966FC95A49D}"
EndProject
Project("{FAE04EC0-301F-11D3-BF4B-00C04F79EFBC}") = "Tyuiu.SokolovaHS.Sprint4.Task2.V25.Lib", "Tyuiu.SokolovaHS.Sprint4.Task2.V25.Lib\Tyuiu.SokolovaHS.Sprint4.Task2.V25.Lib.csproj", "{630D5F6E-AD36-467C-9872-BA69CB9BA446}"
EndProject
Project("{FAE04EC0-301F-11D3-BF4B-00C04F79EFBC}") = "Tyuiu.SokolovaHS.Sprint4.Task2.V25.Test", "Tyuiu.SokolovaHS.Sprint4.Task2.V25.Test\Tyuiu.SokolovaHS.Sprint4.Task2.V25.Test.csproj", "{4402A5E2-F4CF-4C91-BD0E-56D1EAAC0AB8}"
EndProject
Global
	GlobalSection(SolutionConfigurationPlatforms) = preSolution
		Debug|Any CPU = Debug|Any CPU
		Release|Any CPU = Release|Any CPU
	EndGlobalSection
	GlobalSection(ProjectConfigurationPlatforms) = postSolution
		{B180E90D-4699-4EA2-99CA-C5CDB602F6E7}.Debug|Any CPU.ActiveCfg = Debug|Any CPU
		{B180E90D-4699-4EA2-99CA-C5CDB602F6E7}.Debug|Any CPU.Build.0 = Debug|Any CPU
		{B180E90D-4699-4EA2-99CA-C5CDB602F6E7}.Release|Any CPU.ActiveCfg = Release|Any CPU
		{B180E90D-4699-4EA2-99CA-C5CDB602F6E7}.Release|Any CPU.Build.0 = Release|Any CPU
		{C2A074A4-5FDD-489D-8193-B0CE5D56DA02}.Debug|Any CPU.ActiveCfg = Debug|Any CPU
		{C2A074A4-5FDD-489D-8193-B0CE5D56DA02}.Debug|Any CPU.Build.0 = Debug|Any CPU
		{C2A074A4-5FDD-489D-8193-B0CE5D56DA02}.Release|Any CPU.ActiveCfg = Release|Any CPU
		{C2A074A4-5FDD-489D-8193-B0CE5D56DA02}.Release|Any CPU.Build.0 = Release|Any CPU
		{7B4B709F-AEAE-4DF3-9656-C99E6AC7A886}.Debug|Any CPU.ActiveCfg = Debug|Any CPU
		{7B4B709F-AEAE-4DF3-9656-C99E6AC7A886}.Debug|Any CPU.Build.0 = Debug|Any CPU
		{7B4B709F-AEAE-4DF3-9656-C99E6AC7A886}.Release|Any CPU.ActiveCfg = Release|Any CPU
		{7B4B709F-AEAE-4DF3-9656-C99E6AC7A886}.Release|Any CPU.Build.0 = Release|Any CPU
		{1515EA20-FB43-486F-AE14-489236A91C15}.Debug|Any CPU.ActiveCfg = Debug|Any CPU
		{1515EA20-FB43-486F-AE14-489236A91C15}.Debug|Any CPU.Build.0 = Debug|Any CPU
		{1515EA20-FB43-486F-AE14-489236A91C15}.Release|Any CPU.ActiveCfg = Release|Any CPU
		{1515EA20-FB43-486F-AE14-489236A91C15}.Release|Any CPU.Build.0 = Release|Any CPU
		{634458B7-B6E2-4145-98B1-46783C8E7188}.Debug|Any CPU.ActiveCfg = Debug|Any CPU
		{634458B7-B6E2-4145-98B1-46783C8E7188}.Debug|Any CPU.Build.0 = Debug|Any CPU
		{634458B7-B6E2-4145-98B1-46783C8E7188}.Release|Any CPU.ActiveCfg = Release|Any CPU
		{634458B7-B6E2-4145-98B1-46783C8E7188}.Release|Any CPU.Build.0 = Release|Any CPU
		{A0CFF4CC-77EE-4C3A-B0BD-BBEFCD72185B}.Debug|Any CPU.ActiveCfg = Debug|Any CPU
		{A0CFF4CC-77EE-4C3A-B0BD-BBEFCD72185B}.Debug|Any CPU.Build.0 = Debug|Any CPU
		{A0CFF4CC-77EE-4C3A-B0BD-BBEFCD72185B}.Release|Any CPU.ActiveCfg = Release|Any CPU
		{A0CFF4CC-77EE-4C3A-B0BD-BBEFCD72185B}.Release|Any CPU.Build.0 = Release|Any CPU
		{E6F67543-BA85-42F2-89FE-1966FC95A49D}.Debug|Any CPU.ActiveCfg = Debug|Any CPU
		{E6F67543-BA85-42F2-89FE-1966FC95A49D}.Debug|Any CPU.Build.0 = Debug|Any CPU
		{E6F67543-BA85-42F2-89FE-1966FC95A49D}.Release|Any CPU.ActiveCfg = Release|Any CPU
		{E6F67543-BA85-42F2-89FE-1966FC95A49D}.Release|Any CPU.Build.0 = Release|Any CPU
		{630D5F6E-AD36-467C-9872-BA69CB9BA446}.Debug|Any CPU.ActiveCfg = Debug|Any CPU
		{630D5F6E-AD36-467C-9872-BA69CB9BA446}.Debug|Any CPU.Build.0 = Debug|Any CPU
		{630D5F6E-AD36-467C-9872-BA69CB9BA446}.Release|Any CPU.ActiveCfg = Release|Any CPU
		{630D5F6E-AD36-467C-9872-BA69CB9BA446}.Release|Any CPU.Build.0 = Release|Any CPU
		{4402A5E2-F4CF-4C91-BD0E-56D1EAAC0AB8}.Debug|Any CPU.ActiveCfg = Debug|Any CPU
		{4402A5E2-F4CF-4C91-BD0E-56D1EAAC0AB8}.Debug|Any CPU.Build.0 = Debug|Any CPU
		{4402A5E2-F4CF-4C91-BD0E-56D1EAAC0AB8}.Release|Any CPU.ActiveCfg = Release|Any CPU
		{4402A5E2-F4CF-4C91-BD0E-56D1EAAC0AB8}.Release|Any CPU.Build.0 = Release|Any CPU
	EndGlobalSection
	GlobalSection(SolutionProperties) = preSolution
		HideSolutionNode = FALSE
	EndGlobalSection
	GlobalSection(NestedProjects) = preSolution
		{B180E90D-4699-4EA2-99CA-C5CDB602F6E7} = {02EA681E-C7D8-13C7-8484-4AC65E1B71E8}
		{C2A074A4-5FDD-489D-8193-B0CE5D56DA02} = {02EA681E-C7D8-13C7-8484-4AC65E1B71E8}
		{7B4B709F-AEAE-4DF3-9656-C99E6AC7A886} = {02EA681E-C7D8-13C7-8484-4AC65E1B71E8}
		{1515EA20-FB43-486F-AE14-489236A91C15} = {CF4E6B40-2A7E-4E9F-A1A6-D040183751A5}
		{634458B7-B6E2-4145-98B1-46783C8E7188} = {CF4E6B40-2A7E-4E9F-A1A6-D040183751A5}
		{A0CFF4CC-77EE-4C3A-B0BD-BBEFCD72185B} = {CF4E6B40-2A7E-4E9F-A1A6-D040183751A5}
		{E6F67543-BA85-42F2-89FE-1966FC95A49D} = {43791CA7-65EF-4309-A44F-B07E7A21751C}
		{630D5F6E-AD36-467C-9872-BA69CB9BA446} = {43791CA7-65EF-4309-A44F-B07E7A21751C}
		{4402A5E2-F4CF-4C91-BD0E-56D1EAAC0AB8} = {43791CA7-65EF-4309-A44F-B07E7A21751C}
	EndGlobalSection
	GlobalSection(ExtensibilityGlobals) = postSolution
		SolutionGuid = {F96AA90C-8A35-4370-9BE9-98D42B2B6A34}
	EndGlobalSection
EndGlobal
