
Microsoft Visual Studio Solution File, Format Version 12.00
# Visual Studio Version 17
VisualStudioVersion = 17.14.36518.9 d17.14
MinimumVisualStudioVersion = 10.0.40219.1
Project("{2150E333-8FDC-42A3-9474-1A3956D46DE8}") = "Task0", "Task0", "{02EA681E-C7D8-13C7-8484-4AC65E1B71E8}"
EndProject
Project("{FAE04EC0-301F-11D3-BF4B-00C04F79EFBC}") = "Tyuiu.SokolovaHS.Sprint4.Task0.V14", "Tyuiu.SokolovaHS.Sprint4.Task0.V14\Tyuiu.SokolovaHS.Sprint4.Task0.V14.csproj", "{B180E90D-4699-4EA2-99CA-C5CDB602F6E7}"
EndProject
Project("{FAE04EC0-301F-11D3-BF4B-00C04F79EFBC}") = "Tyuiu.SokolovaHS.Sprint4.Task0.V14.Lib", "Tyuiu.SokolovaHS.Sprint4.Task0.V14.Lib\Tyuiu.SokolovaHS.Sprint4.Task0.V14.Lib.csproj", "{C2A074A4-5FDD-489D-8193-B0CE5D56DA02}"
EndProject
Project("{FAE04EC0-301F-11D3-BF4B-00C04F79EFBC}") = "Tyuiu.SokolovaHS.Sprint4.Task0.V14.Test", "Tyuiu.SokolovaHS.Sprint4.Task0.V14.Test\Tyuiu.SokolovaHS.Sprint4.Task0.V14.Test.csproj", "{7B4B709F-AEAE-4DF3-9656-C99E6AC7A886}"
EndProject
Project("{2150E333-8FDC-42A3-9474-1A3956D46DE8}") = "Task1", "Task1", "{CF4E6B40-2A7E-4E9F-A1A6-D040183751A5}"
EndProject
Project("{FAE04EC0-301F-11D3-BF4B-00C04F79EFBC}") = "Tyuiu.SokolovaHS.Sprint4.Task1.V7", "Tyuiu.SokolovaHS.Sprint4.Task1.V7\Tyuiu.SokolovaHS.Sprint4.Task1.V7.csproj", "{1515EA20-FB43-486F-AE14-489236A91C15}"
EndProject
Project("{FAE04EC0-301F-11D3-BF4B-00C04F79EFBC}") = "Tyuiu.SokolovaHS.Sprint4.Task1.V7.Lib", "Tyuiu.SokolovaHS.Sprint4.Task1.V7.Lib\Tyuiu.SokolovaHS.Sprint4.Task1.V7.Lib.csproj", "{634458B7-B6E2-4145-98B1-46783C8E7188}"
EndProject
Project("{FAE04EC0-301F-11D3-BF4B-00C04F79EFBC}") = "Tyuiu.SokolovaHS.Sprint4.Task1.V7.Test", "Tyuiu.SokolovaHS.Sprint4.Task1.V7.Test\Tyuiu.SokolovaHS.Sprint4.Task1.V7.Test.csproj", "{A0CFF4CC-77EE-4C3A-B0BD-BBEFCD72185B}"
EndProject
Project("{2150E333-8FDC-42A3-9474-1A3956D46DE8}") = "Task2", "Task2", "{43791CA7-65EF-4309-A44F-B07E7A21751C}"
EndProject
Project("{FAE04EC0-301F-11D3-BF4B-00C04F79EFBC}") = "Tyuiu.SokolovaHS.Sprint4.Task2.V25", "Tyuiu.SokolovaHS.Sprint4.Task2.V25\Tyuiu.SokolovaHS.Sprint4.Task2.V25.csproj", "{E6F67543-BA85-42F2-89FE-1966FC95A49D}"
EndProject
Project("{FAE04EC0-301F-11D3-BF4B-00C04F79EFBC}") = "Tyuiu.SokolovaHS.Sprint4.Task2.V25.Lib", "Tyuiu.SokolovaHS.Sprint4.Task2.V25.Lib\Tyuiu.SokolovaHS.Sprint4.Task2.V25.Lib.csproj", "{630D5F6E-AD36-467C-9872-BA69CB9BA446}"
EndProject
Project("{FAE04EC0-301F-11D3-BF4B-00C04F79EFBC}") = "Tyuiu.SokolovaHS.Sprint4.Task2.V25.Test", "Tyuiu.SokolovaHS.Sprint4.Task2.V25.Test\Tyuiu.SokolovaHS.Sprint4.Task2.V25.Test.csproj", "{4402A5E2-F4CF-4C91-BD0E-56D1EAAC0AB8}"
EndProject
Project("{2150E333-8FDC-42A3-9474-1A3956D46DE8}") = "Task3", "Task3", "{8DDC0FA3-4F00-4EDA-A35D-2153829EE5A9}"
EndProject
Project("{FAE04EC0-301F-11D3-BF4B-00C04F79EFBC}") = "Tyuiu.SokolovaHS.Sprint4.Task3.V15", "Tyuiu.SokolovaHS.Sprint4.Task3.V15\Tyuiu.SokolovaHS.Sprint4.Task3.V15.csproj", "{E4E7B5C4-252F-4431-A10F-C53F36161793}"
EndProject
Project("{FAE04EC0-301F-11D3-BF4B-00C04F79EFBC}") = "Tyuiu.SokolovaHS.Sprint4.Task3.V15.Lib", "Tyuiu.SokolovaHS.Sprint4.Task3.V15.Lib\Tyuiu.SokolovaHS.Sprint4.Task3.V15.Lib.csproj", "{9BE5A2D4-B4BA-4A1F-9182-870AECC0004D}"
EndProject
Project("{FAE04EC0-301F-11D3-BF4B-00C04F79EFBC}") = "Tyuiu.SokolovaHS.Sprint4.Task3.V15.Test", "Tyuiu.SokolovaHS.Sprint4.Task3.V15.Test\Tyuiu.SokolovaHS.Sprint4.Task3.V15.Test.csproj", "{A0FD78CF-3E04-40AA-BC34-84BAAF5D1650}"
EndProject
Project("{2150E333-8FDC-42A3-9474-1A3956D46DE8}") = "Task4", "Task4", "{3487A6D9-2DA7-495A-9524-EDA60B0A28B0}"
EndProject
Project("{FAE04EC0-301F-11D3-BF4B-00C04F79EFBC}") = "Tyuiu.SokolovaHS.Sprint4.Task4.V4", "Tyuiu.SokolovaHS.Sprint4.Task4.V4\Tyuiu.SokolovaHS.Sprint4.Task4.V4.csproj", "{E26562F0-4C14-465C-B892-C36A08552A7B}"
EndProject
Project("{FAE04EC0-301F-11D3-BF4B-00C04F79EFBC}") = "Tyuiu.SokolovaHS.Sprint4.Task4.V4.Lib", "Tyuiu.SokolovaHS.Sprint4.Task4.V4.Lib\Tyuiu.SokolovaHS.Sprint4.Task4.V4.Lib.csproj", "{ED1A4303-E4CE-47AB-B179-9D384CF6CF67}"
EndProject
Project("{FAE04EC0-301F-11D3-BF4B-00C04F79EFBC}") = "Tyuiu.SokolovaHS.Sprint4.Task4.V4.Test", "Tyuiu.SokolovaHS.Sprint4.Task4.V4.Test\Tyuiu.SokolovaHS.Sprint4.Task4.V4.Test.csproj", "{3897C14D-75C4-4E80-AD4C-7B39A089683C}"
EndProject
Project("{2150E333-8FDC-42A3-9474-1A3956D46DE8}") = "Task5", "Task5", "{344373E6-A106-45BF-A5EE-60E308E260C2}"
EndProject
Project("{FAE04EC0-301F-11D3-BF4B-00C04F79EFBC}") = "Tyuiu.SokolovaHS.Sprint4.Task5.V23", "Tyuiu.SokolovaHS.Sprint4.Task5.V23\Tyuiu.SokolovaHS.Sprint4.Task5.V23.csproj", "{2DDBD738-AB41-478C-B1BF-49A40F84B660}"
EndProject
Project("{FAE04EC0-301F-11D3-BF4B-00C04F79EFBC}") = "Tyuiu.SokolovaHS.Sprint4.Task5.V23.Lib", "Tyuiu.SokolovaHS.Sprint4.Task5.V23.Lib\Tyuiu.SokolovaHS.Sprint4.Task5.V23.Lib.csproj", "{F555FD49-91FD-4D8D-9AF1-E5F1EC278618}"
EndProject
Project("{FAE04EC0-301F-11D3-BF4B-00C04F79EFBC}") = "Tyuiu.SokolovaHS.Sprint4.Task5.V23.Test", "Tyuiu.SokolovaHS.Sprint4.Task5.V23.Test\Tyuiu.SokolovaHS.Sprint4.Task5.V23.Test.csproj", "{01A0DC24-6968-45C5-9964-D84FE7C34024}"
EndProject
Global
	GlobalSection(SolutionConfigurationPlatforms) = preSolution
		Debug|Any CPU = Debug|Any CPU
		Release|Any CPU = Release|Any CPU
	EndGlobalSection
	GlobalSection(ProjectConfigurationPlatforms) = postSolution
		{B180E90D-4699-4EA2-99CA-C5CDB602F6E7}.Debug|Any CPU.ActiveCfg = Debug|Any CPU
		{B180E90D-4699-4EA2-99CA-C5CDB602F6E7}.Debug|Any CPU.Build.0 = Debug|Any CPU
		{B180E90D-4699-4EA2-99CA-C5CDB602F6E7}.Release|Any CPU.ActiveCfg = Release|Any CPU
		{B180E90D-4699-4EA2-99CA-C5CDB602F6E7}.Release|Any CPU.Build.0 = Release|Any CPU
		{C2A074A4-5FDD-489D-8193-B0CE5D56DA02}.Debug|Any CPU.ActiveCfg = Debug|Any CPU
		{C2A074A4-5FDD-489D-8193-B0CE5D56DA02}.Debug|Any CPU.Build.0 = Debug|Any CPU
		{C2A074A4-5FDD-489D-8193-B0CE5D56DA02}.Release|Any CPU.ActiveCfg = Release|Any CPU
		{C2A074A4-5FDD-489D-8193-B0CE5D56DA02}.Release|Any CPU.Build.0 = Release|Any CPU
		{7B4B709F-AEAE-4DF3-9656-C99E6AC7A886}.Debug|Any CPU.ActiveCfg = Debug|Any CPU
		{7B4B709F-AEAE-4DF3-9656-C99E6AC7A886}.Debug|Any CPU.Build.0 = Debug|Any CPU
		{7B4B709F-AEAE-4DF3-9656-C99E6AC7A886}.Release|Any CPU.ActiveCfg = Release|Any CPU
		{7B4B709F-AEAE-4DF3-9656-C99E6AC7A886}.Release|Any CPU.Build.0 = Release|Any CPU
		{1515EA20-FB43-486F-AE14-489236A91C15}.Debug|Any CPU.ActiveCfg = Debug|Any CPU
		{1515EA20-FB43-486F-AE14-489236A91C15}.Debug|Any CPU.Build.0 = Debug|Any CPU
		{1515EA20-FB43-486F-AE14-489236A91C15}.Release|Any CPU.ActiveCfg = Release|Any CPU
		{1515EA20-FB43-486F-AE14-489236A91C15}.Release|Any CPU.Build.0 = Release|Any CPU
		{634458B7-B6E2-4145-98B1-46783C8E7188}.Debug|Any CPU.ActiveCfg = Debug|Any CPU
		{634458B7-B6E2-4145-98B1-46783C8E7188}.Debug|Any CPU.Build.0 = Debug|Any CPU
		{634458B7-B6E2-4145-98B1-46783C8E7188}.Release|Any CPU.ActiveCfg = Release|Any CPU
		{634458B7-B6E2-4145-98B1-46783C8E7188}.Release|Any CPU.Build.0 = Release|Any CPU
		{A0CFF4CC-77EE-4C3A-B0BD-BBEFCD72185B}.Debug|Any CPU.ActiveCfg = Debug|Any CPU
		{A0CFF4CC-77EE-4C3A-B0BD-BBEFCD72185B}.Debug|Any CPU.Build.0 = Debug|Any CPU
		{A0CFF4CC-77EE-4C3A-B0BD-BBEFCD72185B}.Release|Any CPU.ActiveCfg = Release|Any CPU
		{A0CFF4CC-77EE-4C3A-B0BD-BBEFCD72185B}.Release|Any CPU.Build.0 = Release|Any CPU
		{E6F67543-BA85-42F2-89FE-1966FC95A49D}.Debug|Any CPU.ActiveCfg = Debug|Any CPU
		{E6F67543-BA85-42F2-89FE-1966FC95A49D}.Debug|Any CPU.Build.0 = Debug|Any CPU
		{E6F67543-BA85-42F2-89FE-1966FC95A49D}.Release|Any CPU.ActiveCfg = Release|Any CPU
		{E6F67543-BA85-42F2-89FE-1966FC95A49D}.Release|Any CPU.Build.0 = Release|Any CPU
		{630D5F6E-AD36-467C-9872-BA69CB9BA446}.Debug|Any CPU.ActiveCfg = Debug|Any CPU
		{630D5F6E-AD36-467C-9872-BA69CB9BA446}.Debug|Any CPU.Build.0 = Debug|Any CPU
		{630D5F6E-AD36-467C-9872-BA69CB9BA446}.Release|Any CPU.ActiveCfg = Release|Any CPU
		{630D5F6E-AD36-467C-9872-BA69CB9BA446}.Release|Any CPU.Build.0 = Release|Any CPU
		{4402A5E2-F4CF-4C91-BD0E-56D1EAAC0AB8}.Debug|Any CPU.ActiveCfg = Debug|Any CPU
		{4402A5E2-F4CF-4C91-BD0E-56D1EAAC0AB8}.Debug|Any CPU.Build.0 = Debug|Any CPU
		{4402A5E2-F4CF-4C91-BD0E-56D1EAAC0AB8}.Release|Any CPU.ActiveCfg = Release|Any CPU
		{4402A5E2-F4CF-4C91-BD0E-56D1EAAC0AB8}.Release|Any CPU.Build.0 = Release|Any CPU
		{E4E7B5C4-252F-4431-A10F-C53F36161793}.Debug|Any CPU.ActiveCfg = Debug|Any CPU
		{E4E7B5C4-252F-4431-A10F-C53F36161793}.Debug|Any CPU.Build.0 = Debug|Any CPU
		{E4E7B5C4-252F-4431-A10F-C53F36161793}.Release|Any CPU.ActiveCfg = Release|Any CPU
		{E4E7B5C4-252F-4431-A10F-C53F36161793}.Release|Any CPU.Build.0 = Release|Any CPU
		{9BE5A2D4-B4BA-4A1F-9182-870AECC0004D}.Debug|Any CPU.ActiveCfg = Debug|Any CPU
		{9BE5A2D4-B4BA-4A1F-9182-870AECC0004D}.Debug|Any CPU.Build.0 = Debug|Any CPU
		{9BE5A2D4-B4BA-4A1F-9182-870AECC0004D}.Release|Any CPU.ActiveCfg = Release|Any CPU
		{9BE5A2D4-B4BA-4A1F-9182-870AECC0004D}.Release|Any CPU.Build.0 = Release|Any CPU
		{A0FD78CF-3E04-40AA-BC34-84BAAF5D1650}.Debug|Any CPU.ActiveCfg = Debug|Any CPU
		{A0FD78CF-3E04-40AA-BC34-84BAAF5D1650}.Debug|Any CPU.Build.0 = Debug|Any CPU
		{A0FD78CF-3E04-40AA-BC34-84BAAF5D1650}.Release|Any CPU.ActiveCfg = Release|Any CPU
		{A0FD78CF-3E04-40AA-BC34-84BAAF5D1650}.Release|Any CPU.Build.0 = Release|Any CPU
		{E26562F0-4C14-465C-B892-C36A08552A7B}.Debug|Any CPU.ActiveCfg = Debug|Any CPU
		{E26562F0-4C14-465C-B892-C36A08552A7B}.Debug|Any CPU.Build.0 = Debug|Any CPU
		{E26562F0-4C14-465C-B892-C36A08552A7B}.Release|Any CPU.ActiveCfg = Release|Any CPU
		{E26562F0-4C14-465C-B892-C36A08552A7B}.Release|Any CPU.Build.0 = Release|Any CPU
		{ED1A4303-E4CE-47AB-B179-9D384CF6CF67}.Debug|Any CPU.ActiveCfg = Debug|Any CPU
		{ED1A4303-E4CE-47AB-B179-9D384CF6CF67}.Debug|Any CPU.Build.0 = Debug|Any CPU
		{ED1A4303-E4CE-47AB-B179-9D384CF6CF67}.Release|Any CPU.ActiveCfg = Release|Any CPU
		{ED1A4303-E4CE-47AB-B179-9D384CF6CF67}.Release|Any CPU.Build.0 = Release|Any CPU
		{3897C14D-75C4-4E80-AD4C-7B39A089683C}.Debug|Any CPU.ActiveCfg = Debug|Any CPU
		{3897C14D-75C4-4E80-AD4C-7B39A089683C}.Debug|Any CPU.Build.0 = Debug|Any CPU
		{3897C14D-75C4-4E80-AD4C-7B39A089683C}.Release|Any CPU.ActiveCfg = Release|Any CPU
		{3897C14D-75C4-4E80-AD4C-7B39A089683C}.Release|Any CPU.Build.0 = Release|Any CPU
		{2DDBD738-AB41-478C-B1BF-49A40F84B660}.Debug|Any CPU.ActiveCfg = Debug|Any CPU
		{2DDBD738-AB41-478C-B1BF-49A40F84B660}.Debug|Any CPU.Build.0 = Debug|Any CPU
		{2DDBD738-AB41-478C-B1BF-49A40F84B660}.Release|Any CPU.ActiveCfg = Release|Any CPU
		{2DDBD738-AB41-478C-B1BF-49A40F84B660}.Release|Any CPU.Build.0 = Release|Any CPU
		{F555FD49-91FD-4D8D-9AF1-E5F1EC278618}.Debug|Any CPU.ActiveCfg = Debug|Any CPU
		{F555FD49-91FD-4D8D-9AF1-E5F1EC278618}.Debug|Any CPU.Build.0 = Debug|Any CPU
		{F555FD49-91FD-4D8D-9AF1-E5F1EC278618}.Release|Any CPU.ActiveCfg = Release|Any CPU
		{F555FD49-91FD-4D8D-9AF1-E5F1EC278618}.Release|Any CPU.Build.0 = Release|Any CPU
		{01A0DC24-6968-45C5-9964-D84FE7C34024}.Debug|Any CPU.ActiveCfg = Debug|Any CPU
		{01A0DC24-6968-45C5-9964-D84FE7C34024}.Debug|Any CPU.Build.0 = Debug|Any CPU
		{01A0DC24-6968-45C5-9964-D84FE7C34024}.Release|Any CPU.ActiveCfg = Release|Any CPU
		{01A0DC24-6968-45C5-9964-D84FE7C34024}.Release|Any CPU.Build.0 = Release|Any CPU
	EndGlobalSection
	GlobalSection(SolutionProperties) = preSolution
		HideSolutionNode = FALSE
	EndGlobalSection
	GlobalSection(NestedProjects) = preSolution
		{B180E90D-4699-4EA2-99CA-C5CDB602F6E7} = {02EA681E-C7D8-13C7-8484-4AC65E1B71E8}
		{C2A074A4-5FDD-489D-8193-B0CE5D56DA02} = {02EA681E-C7D8-13C7-8484-4AC65E1B71E8}
		{7B4B709F-AEAE-4DF3-9656-C99E6AC7A886} = {02EA681E-C7D8-13C7-8484-4AC65E1B71E8}
		{1515EA20-FB43-486F-AE14-489236A91C15} = {CF4E6B40-2A7E-4E9F-A1A6-D040183751A5}
		{634458B7-B6E2-4145-98B1-46783C8E7188} = {CF4E6B40-2A7E-4E9F-A1A6-D040183751A5}
		{A0CFF4CC-77EE-4C3A-B0BD-BBEFCD72185B} = {CF4E6B40-2A7E-4E9F-A1A6-D040183751A5}
		{E6F67543-BA85-42F2-89FE-1966FC95A49D} = {43791CA7-65EF-4309-A44F-B07E7A21751C}
		{630D5F6E-AD36-467C-9872-BA69CB9BA446} = {43791CA7-65EF-4309-A44F-B07E7A21751C}
		{4402A5E2-F4CF-4C91-BD0E-56D1EAAC0AB8} = {43791CA7-65EF-4309-A44F-B07E7A21751C}
		{E4E7B5C4-252F-4431-A10F-C53F36161793} = {8DDC0FA3-4F00-4EDA-A35D-2153829EE5A9}
		{9BE5A2D4-B4BA-4A1F-9182-870AECC0004D} = {8DDC0FA3-4F00-4EDA-A35D-2153829EE5A9}
		{A0FD78CF-3E04-40AA-BC34-84BAAF5D1650} = {8DDC0FA3-4F00-4EDA-A35D-2153829EE5A9}
		{E26562F0-4C14-465C-B892-C36A08552A7B} = {3487A6D9-2DA7-495A-9524-EDA60B0A28B0}
		{ED1A4303-E4CE-47AB-B179-9D384CF6CF67} = {3487A6D9-2DA7-495A-9524-EDA60B0A28B0}
		{3897C14D-75C4-4E80-AD4C-7B39A089683C} = {3487A6D9-2DA7-495A-9524-EDA60B0A28B0}
		{2DDBD738-AB41-478C-B1BF-49A40F84B660} = {344373E6-A106-45BF-A5EE-60E308E260C2}
		{F555FD49-91FD-4D8D-9AF1-E5F1EC278618} = {344373E6-A106-45BF-A5EE-60E308E260C2}
		{01A0DC24-6968-45C5-9964-D84FE7C34024} = {344373E6-A106-45BF-A5EE-60E308E260C2}
	EndGlobalSection
	GlobalSection(ExtensibilityGlobals) = postSolution
		SolutionGuid = {F96AA90C-8A35-4370-9BE9-98D42B2B6A34}
	EndGlobalSection
EndGlobal
